PODS:
  - PeaceWorkSDK (1.0.0)

DEPENDENCIES:
  - PeaceWorkSDK (from `../PeaceWorkSDK`)

EXTERNAL SOURCES:
  PeaceWorkSDK:
    :path: "../PeaceWorkSDK"

SPEC CHECKSUMS:
  PeaceWorkSDK: 83e289fb7979b041e68d7a1cfb7e07d37b459d77

PODFILE CHECKSUM: 9ad5b40587db77641c514b51eb09cecfe409596c

COCOAPODS: 1.11.2
